// !$*UTF8*$!
{
	archiveVersion = 1;
	classes = {
	};
	objectVersion = 52;
	objects = {

/* Begin PBXBuildFile section */
		049BE838061A4B43632D9BBF /* Pods_SmileChecker_SmileCheckerUITests.framework in Frameworks */ = {isa = PBXBuildFile; fileRef = 332912E9B58D9F8092B69E40 /* Pods_SmileChecker_SmileCheckerUITests.framework */; };
		059B9960ABFAC3091CA49E02 /* Pods_SmileChecker.framework in Frameworks */ = {isa = PBXBuildFile; fileRef = 890387F5B0CABD8403195B0A /* Pods_SmileChecker.framework */; };
		0F68A89E10A03C08D0324990 /* Pods_SmileCheckerTests.framework in Frameworks */ = {isa = PBXBuildFile; fileRef = C88BB91542B834DC4AABBCE4 /* Pods_SmileCheckerTests.framework */; };
		9F1508D6265A46D8005D0AFB /* CheckViewController.swift in Sources */ = {isa = PBXBuildFile; fileRef = 9F1508D5265A46D8005D0AFB /* CheckViewController.swift */; };
		9F1508D8265A46F2005D0AFB /* RegisterViewController.swift in Sources */ = {isa = PBXBuildFile; fileRef = 9F1508D7265A46F2005D0AFB /* RegisterViewController.swift */; };
		9F152155265EAA15009BC210 /* Realm in Frameworks */ = {isa = PBXBuildFile; productRef = 9F152154265EAA15009BC210 /* Realm */; };
		9F152157265EAA19009BC210 /* RealmSwift in Frameworks */ = {isa = PBXBuildFile; productRef = 9F152156265EAA19009BC210 /* RealmSwift */; };
		9F152159265EACEC009BC210 /* TopicTableViewCell.swift in Sources */ = {isa = PBXBuildFile; fileRef = 9F152158265EACEB009BC210 /* TopicTableViewCell.swift */; };
		9F15246A26594C4D00A24567 /* AppDelegate.swift in Sources */ = {isa = PBXBuildFile; fileRef = 9F15246926594C4D00A24567 /* AppDelegate.swift */; };
		9F15246C26594C4D00A24567 /* SceneDelegate.swift in Sources */ = {isa = PBXBuildFile; fileRef = 9F15246B26594C4D00A24567 /* SceneDelegate.swift */; };
		9F15246E26594C4D00A24567 /* ViewController.swift in Sources */ = {isa = PBXBuildFile; fileRef = 9F15246D26594C4D00A24567 /* ViewController.swift */; };
		9F15247126594C4D00A24567 /* Main.storyboard in Resources */ = {isa = PBXBuildFile; fileRef = 9F15246F26594C4D00A24567 /* Main.storyboard */; };
		9F15247326594C5000A24567 /* Assets.xcassets in Resources */ = {isa = PBXBuildFile; fileRef = 9F15247226594C5000A24567 /* Assets.xcassets */; };
		9F15247626594C5000A24567 /* LaunchScreen.storyboard in Resources */ = {isa = PBXBuildFile; fileRef = 9F15247426594C5000A24567 /* LaunchScreen.storyboard */; };
		9F15248126594C5000A24567 /* SmileCheckerTests.swift in Sources */ = {isa = PBXBuildFile; fileRef = 9F15248026594C5000A24567 /* SmileCheckerTests.swift */; };
		9F15248C26594C5000A24567 /* SmileCheckerUITests.swift in Sources */ = {isa = PBXBuildFile; fileRef = 9F15248B26594C5000A24567 /* SmileCheckerUITests.swift */; };
		9FC76A572670955000B0AF1A /* GoogleService-Info.plist in Resources */ = {isa = PBXBuildFile; fileRef = 9FC76A562670955000B0AF1A /* GoogleService-Info.plist */; };
		9FF8B37E265D559E00D8AF12 /* Data.swift in Sources */ = {isa = PBXBuildFile; fileRef = 9FF8B37D265D559E00D8AF12 /* Data.swift */; };
/* End PBXBuildFile section */

/* Begin PBXContainerItemProxy section */
		9F15247D26594C5000A24567 /* PBXContainerItemProxy */ = {
			isa = PBXContainerItemProxy;
			containerPortal = 9F15245E26594C4D00A24567 /* Project object */;
			proxyType = 1;
			remoteGlobalIDString = 9F15246526594C4D00A24567;
			remoteInfo = SmileChecker;
		};
		9F15248826594C5000A24567 /* PBXContainerItemProxy */ = {
			isa = PBXContainerItemProxy;
			containerPortal = 9F15245E26594C4D00A24567 /* Project object */;
			proxyType = 1;
			remoteGlobalIDString = 9F15246526594C4D00A24567;
			remoteInfo = SmileChecker;
		};
/* End PBXContainerItemProxy section */

/* Begin PBXFileReference section */
		332912E9B58D9F8092B69E40 /* Pods_SmileChecker_SmileCheckerUITests.framework */ = {isa = PBXFileReference; explicitFileType = wrapper.framework; includeInIndex = 0; path = Pods_SmileChecker_SmileCheckerUITests.framework; sourceTree = BUILT_PRODUCTS_DIR; };
		4F8B2E41FFF41437A9D340C6 /* Pods-SmileChecker.release.xcconfig */ = {isa = PBXFileReference; includeInIndex = 1; lastKnownFileType = text.xcconfig; name = "Pods-SmileChecker.release.xcconfig"; path = "Target Support Files/Pods-SmileChecker/Pods-SmileChecker.release.xcconfig"; sourceTree = "<group>"; };
		890387F5B0CABD8403195B0A /* Pods_SmileChecker.framework */ = {isa = PBXFileReference; explicitFileType = wrapper.framework; includeInIndex = 0; path = Pods_SmileChecker.framework; sourceTree = BUILT_PRODUCTS_DIR; };
		9F1508D5265A46D8005D0AFB /* CheckViewController.swift */ = {isa = PBXFileReference; lastKnownFileType = sourcecode.swift; path = CheckViewController.swift; sourceTree = "<group>"; };
		9F1508D7265A46F2005D0AFB /* RegisterViewController.swift */ = {isa = PBXFileReference; lastKnownFileType = sourcecode.swift; path = RegisterViewController.swift; sourceTree = "<group>"; };
		9F152158265EACEB009BC210 /* TopicTableViewCell.swift */ = {isa = PBXFileReference; lastKnownFileType = sourcecode.swift; path = TopicTableViewCell.swift; sourceTree = "<group>"; };
		9F15246626594C4D00A24567 /* SmileChecker.app */ = {isa = PBXFileReference; explicitFileType = wrapper.application; includeInIndex = 0; path = SmileChecker.app; sourceTree = BUILT_PRODUCTS_DIR; };
		9F15246926594C4D00A24567 /* AppDelegate.swift */ = {isa = PBXFileReference; lastKnownFileType = sourcecode.swift; path = AppDelegate.swift; sourceTree = "<group>"; };
		9F15246B26594C4D00A24567 /* SceneDelegate.swift */ = {isa = PBXFileReference; lastKnownFileType = sourcecode.swift; path = SceneDelegate.swift; sourceTree = "<group>"; };
		9F15246D26594C4D00A24567 /* ViewController.swift */ = {isa = PBXFileReference; lastKnownFileType = sourcecode.swift; path = ViewController.swift; sourceTree = "<group>"; };
		9F15247026594C4D00A24567 /* Base */ = {isa = PBXFileReference; lastKnownFileType = file.storyboard; name = Base; path = Base.lproj/Main.storyboard; sourceTree = "<group>"; };
		9F15247226594C5000A24567 /* Assets.xcassets */ = {isa = PBXFileReference; lastKnownFileType = folder.assetcatalog; path = Assets.xcassets; sourceTree = "<group>"; };
		9F15247526594C5000A24567 /* Base */ = {isa = PBXFileReference; lastKnownFileType = file.storyboard; name = Base; path = Base.lproj/LaunchScreen.storyboard; sourceTree = "<group>"; };
		9F15247726594C5000A24567 /* Info.plist */ = {isa = PBXFileReference; lastKnownFileType = text.plist.xml; path = Info.plist; sourceTree = "<group>"; };
		9F15247C26594C5000A24567 /* SmileCheckerTests.xctest */ = {isa = PBXFileReference; explicitFileType = wrapper.cfbundle; includeInIndex = 0; path = SmileCheckerTests.xctest; sourceTree = BUILT_PRODUCTS_DIR; };
		9F15248026594C5000A24567 /* SmileCheckerTests.swift */ = {isa = PBXFileReference; lastKnownFileType = sourcecode.swift; path = SmileCheckerTests.swift; sourceTree = "<group>"; };
		9F15248226594C5000A24567 /* Info.plist */ = {isa = PBXFileReference; lastKnownFileType = text.plist.xml; path = Info.plist; sourceTree = "<group>"; };
		9F15248726594C5000A24567 /* SmileCheckerUITests.xctest */ = {isa = PBXFileReference; explicitFileType = wrapper.cfbundle; includeInIndex = 0; path = SmileCheckerUITests.xctest; sourceTree = BUILT_PRODUCTS_DIR; };
		9F15248B26594C5000A24567 /* SmileCheckerUITests.swift */ = {isa = PBXFileReference; lastKnownFileType = sourcecode.swift; path = SmileCheckerUITests.swift; sourceTree = "<group>"; };
		9F15248D26594C5000A24567 /* Info.plist */ = {isa = PBXFileReference; lastKnownFileType = text.plist.xml; path = Info.plist; sourceTree = "<group>"; };
		9FC76A562670955000B0AF1A /* GoogleService-Info.plist */ = {isa = PBXFileReference; fileEncoding = 4; lastKnownFileType = text.plist.xml; path = "GoogleService-Info.plist"; sourceTree = "<group>"; };
		9FF8B37D265D559E00D8AF12 /* Data.swift */ = {isa = PBXFileReference; lastKnownFileType = sourcecode.swift; path = Data.swift; sourceTree = "<group>"; };
		C88BB91542B834DC4AABBCE4 /* Pods_SmileCheckerTests.framework */ = {isa = PBXFileReference; explicitFileType = wrapper.framework; includeInIndex = 0; path = Pods_SmileCheckerTests.framework; sourceTree = BUILT_PRODUCTS_DIR; };
		CDE76B568CBCC17962E4C758 /* Pods-SmileChecker-SmileCheckerUITests.debug.xcconfig */ = {isa = PBXFileReference; includeInIndex = 1; lastKnownFileType = text.xcconfig; name = "Pods-SmileChecker-SmileCheckerUITests.debug.xcconfig"; path = "Target Support Files/Pods-SmileChecker-SmileCheckerUITests/Pods-SmileChecker-SmileCheckerUITests.debug.xcconfig"; sourceTree = "<group>"; };
		D6B47F4B61EAF1B1A398F256 /* Pods-SmileCheckerTests.release.xcconfig */ = {isa = PBXFileReference; includeInIndex = 1; lastKnownFileType = text.xcconfig; name = "Pods-SmileCheckerTests.release.xcconfig"; path = "Target Support Files/Pods-SmileCheckerTests/Pods-SmileCheckerTests.release.xcconfig"; sourceTree = "<group>"; };
		DE3BF60B1CB2636270718C1E /* Pods-SmileChecker.debug.xcconfig */ = {isa = PBXFileReference; includeInIndex = 1; lastKnownFileType = text.xcconfig; name = "Pods-SmileChecker.debug.xcconfig"; path = "Target Support Files/Pods-SmileChecker/Pods-SmileChecker.debug.xcconfig"; sourceTree = "<group>"; };
		E0E53F8A4DACDE3573491FA9 /* Pods-SmileCheckerTests.debug.xcconfig */ = {isa = PBXFileReference; includeInIndex = 1; lastKnownFileType = text.xcconfig; name = "Pods-SmileCheckerTests.debug.xcconfig"; path = "Target Support Files/Pods-SmileCheckerTests/Pods-SmileCheckerTests.debug.xcconfig"; sourceTree = "<group>"; };
		E406DFEF87660575DDD09BEA /* Pods-SmileChecker-SmileCheckerUITests.release.xcconfig */ = {isa = PBXFileReference; includeInIndex = 1; lastKnownFileType = text.xcconfig; name = "Pods-SmileChecker-SmileCheckerUITests.release.xcconfig"; path = "Target Support Files/Pods-SmileChecker-SmileCheckerUITests/Pods-SmileChecker-SmileCheckerUITests.release.xcconfig"; sourceTree = "<group>"; };
/* End PBXFileReference section */

/* Begin PBXFrameworksBuildPhase section */
		9F15246326594C4D00A24567 /* Frameworks */ = {
			isa = PBXFrameworksBuildPhase;
			buildActionMask = 2147483647;
			files = (
				9F152157265EAA19009BC210 /* RealmSwift in Frameworks */,
				9F152155265EAA15009BC210 /* Realm in Frameworks */,
				059B9960ABFAC3091CA49E02 /* Pods_SmileChecker.framework in Frameworks */,
			);
			runOnlyForDeploymentPostprocessing = 0;
		};
		9F15247926594C5000A24567 /* Frameworks */ = {
			isa = PBXFrameworksBuildPhase;
			buildActionMask = 2147483647;
			files = (
				0F68A89E10A03C08D0324990 /* Pods_SmileCheckerTests.framework in Frameworks */,
			);
			runOnlyForDeploymentPostprocessing = 0;
		};
		9F15248426594C5000A24567 /* Frameworks */ = {
			isa = PBXFrameworksBuildPhase;
			buildActionMask = 2147483647;
			files = (
				049BE838061A4B43632D9BBF /* Pods_SmileChecker_SmileCheckerUITests.framework in Frameworks */,
			);
			runOnlyForDeploymentPostprocessing = 0;
		};
/* End PBXFrameworksBuildPhase section */

/* Begin PBXGroup section */
		9914DC2DFD9DF4AE9C064EC2 /* Pods */ = {
			isa = PBXGroup;
			children = (
				DE3BF60B1CB2636270718C1E /* Pods-SmileChecker.debug.xcconfig */,
				4F8B2E41FFF41437A9D340C6 /* Pods-SmileChecker.release.xcconfig */,
				CDE76B568CBCC17962E4C758 /* Pods-SmileChecker-SmileCheckerUITests.debug.xcconfig */,
				E406DFEF87660575DDD09BEA /* Pods-SmileChecker-SmileCheckerUITests.release.xcconfig */,
				E0E53F8A4DACDE3573491FA9 /* Pods-SmileCheckerTests.debug.xcconfig */,
				D6B47F4B61EAF1B1A398F256 /* Pods-SmileCheckerTests.release.xcconfig */,
			);
			path = Pods;
			sourceTree = "<group>";
		};
		9F152153265EAA15009BC210 /* Frameworks */ = {
			isa = PBXGroup;
			children = (
				890387F5B0CABD8403195B0A /* Pods_SmileChecker.framework */,
				332912E9B58D9F8092B69E40 /* Pods_SmileChecker_SmileCheckerUITests.framework */,
				C88BB91542B834DC4AABBCE4 /* Pods_SmileCheckerTests.framework */,
			);
			name = Frameworks;
			sourceTree = "<group>";
		};
		9F15245D26594C4D00A24567 = {
			isa = PBXGroup;
			children = (
				9F15246826594C4D00A24567 /* SmileChecker */,
				9F15247F26594C5000A24567 /* SmileCheckerTests */,
				9F15248A26594C5000A24567 /* SmileCheckerUITests */,
				9F15246726594C4D00A24567 /* Products */,
				9F152153265EAA15009BC210 /* Frameworks */,
				9914DC2DFD9DF4AE9C064EC2 /* Pods */,
			);
			sourceTree = "<group>";
		};
		9F15246726594C4D00A24567 /* Products */ = {
			isa = PBXGroup;
			children = (
				9F15246626594C4D00A24567 /* SmileChecker.app */,
				9F15247C26594C5000A24567 /* SmileCheckerTests.xctest */,
				9F15248726594C5000A24567 /* SmileCheckerUITests.xctest */,
			);
			name = Products;
			sourceTree = "<group>";
		};
		9F15246826594C4D00A24567 /* SmileChecker */ = {
			isa = PBXGroup;
			children = (
				9F15246926594C4D00A24567 /* AppDelegate.swift */,
				9F15246B26594C4D00A24567 /* SceneDelegate.swift */,
				9F15246D26594C4D00A24567 /* ViewController.swift */,
				9F1508D5265A46D8005D0AFB /* CheckViewController.swift */,
				9F1508D7265A46F2005D0AFB /* RegisterViewController.swift */,
				9F15246F26594C4D00A24567 /* Main.storyboard */,
				9F15247226594C5000A24567 /* Assets.xcassets */,
				9F15247426594C5000A24567 /* LaunchScreen.storyboard */,
				9F15247726594C5000A24567 /* Info.plist */,
				9FC76A562670955000B0AF1A /* GoogleService-Info.plist */,
				9FF8B37D265D559E00D8AF12 /* Data.swift */,
				9F152158265EACEB009BC210 /* TopicTableViewCell.swift */,
			);
			path = SmileChecker;
			sourceTree = "<group>";
		};
		9F15247F26594C5000A24567 /* SmileCheckerTests */ = {
			isa = PBXGroup;
			children = (
				9F15248026594C5000A24567 /* SmileCheckerTests.swift */,
				9F15248226594C5000A24567 /* Info.plist */,
			);
			path = SmileCheckerTests;
			sourceTree = "<group>";
		};
		9F15248A26594C5000A24567 /* SmileCheckerUITests */ = {
			isa = PBXGroup;
			children = (
				9F15248B26594C5000A24567 /* SmileCheckerUITests.swift */,
				9F15248D26594C5000A24567 /* Info.plist */,
			);
			path = SmileCheckerUITests;
			sourceTree = "<group>";
		};
/* End PBXGroup section */

/* Begin PBXNativeTarget section */
		9F15246526594C4D00A24567 /* SmileChecker */ = {
			isa = PBXNativeTarget;
			buildConfigurationList = 9F15249026594C5000A24567 /* Build configuration list for PBXNativeTarget "SmileChecker" */;
			buildPhases = (
				54728B83FAF419670064DD37 /* [CP] Check Pods Manifest.lock */,
				9F15246226594C4D00A24567 /* Sources */,
				9F15246326594C4D00A24567 /* Frameworks */,
				9F15246426594C4D00A24567 /* Resources */,
				9C31CDFAD2CD60E4CE760A70 /* [CP] Embed Pods Frameworks */,
				9FB288A3DA54CD6BBD9C6BDB /* [CP] Copy Pods Resources */,
			);
			buildRules = (
			);
			dependencies = (
			);
			name = SmileChecker;
			packageProductDependencies = (
				9F152154265EAA15009BC210 /* Realm */,
				9F152156265EAA19009BC210 /* RealmSwift */,
			);
			productName = SmileChecker;
			productReference = 9F15246626594C4D00A24567 /* SmileChecker.app */;
			productType = "com.apple.product-type.application";
		};
		9F15247B26594C5000A24567 /* SmileCheckerTests */ = {
			isa = PBXNativeTarget;
			buildConfigurationList = 9F15249326594C5000A24567 /* Build configuration list for PBXNativeTarget "SmileCheckerTests" */;
			buildPhases = (
				E17A2D2436A62F5DE388DA28 /* [CP] Check Pods Manifest.lock */,
				9F15247826594C5000A24567 /* Sources */,
				9F15247926594C5000A24567 /* Frameworks */,
				9F15247A26594C5000A24567 /* Resources */,
			);
			buildRules = (
			);
			dependencies = (
				9F15247E26594C5000A24567 /* PBXTargetDependency */,
			);
			name = SmileCheckerTests;
			productName = SmileCheckerTests;
			productReference = 9F15247C26594C5000A24567 /* SmileCheckerTests.xctest */;
			productType = "com.apple.product-type.bundle.unit-test";
		};
		9F15248626594C5000A24567 /* SmileCheckerUITests */ = {
			isa = PBXNativeTarget;
			buildConfigurationList = 9F15249626594C5000A24567 /* Build configuration list for PBXNativeTarget "SmileCheckerUITests" */;
			buildPhases = (
				8DF0AEF6E8468CBE71C019DD /* [CP] Check Pods Manifest.lock */,
				9F15248326594C5000A24567 /* Sources */,
				9F15248426594C5000A24567 /* Frameworks */,
				9F15248526594C5000A24567 /* Resources */,
				B4B5D38597D8716056C00B04 /* [CP] Embed Pods Frameworks */,
				FCC51D99C4348E0BF472DD13 /* [CP] Copy Pods Resources */,
			);
			buildRules = (
			);
			dependencies = (
				9F15248926594C5000A24567 /* PBXTargetDependency */,
			);
			name = SmileCheckerUITests;
			productName = SmileCheckerUITests;
			productReference = 9F15248726594C5000A24567 /* SmileCheckerUITests.xctest */;
			productType = "com.apple.product-type.bundle.ui-testing";
		};
/* End PBXNativeTarget section */

/* Begin PBXProject section */
		9F15245E26594C4D00A24567 /* Project object */ = {
			isa = PBXProject;
			attributes = {
				LastSwiftUpdateCheck = 1250;
				LastUpgradeCheck = 1250;
				TargetAttributes = {
					9F15246526594C4D00A24567 = {
						CreatedOnToolsVersion = 12.5;
					};
					9F15247B26594C5000A24567 = {
						CreatedOnToolsVersion = 12.5;
						TestTargetID = 9F15246526594C4D00A24567;
					};
					9F15248626594C5000A24567 = {
						CreatedOnToolsVersion = 12.5;
						TestTargetID = 9F15246526594C4D00A24567;
					};
				};
			};
			buildConfigurationList = 9F15246126594C4D00A24567 /* Build configuration list for PBXProject "SmileChecker" */;
			compatibilityVersion = "Xcode 9.3";
			developmentRegion = en;
			hasScannedForEncodings = 0;
			knownRegions = (
				en,
				Base,
			);
			mainGroup = 9F15245D26594C4D00A24567;
			packageReferences = (
				9FF8B37C265D551A00D8AF12 /* XCRemoteSwiftPackageReference "realm-cocoa" */,
				9F065793266CB3880071CA1F /* XCRemoteSwiftPackageReference "aws-sdk-ios-spm" */,
			);
			productRefGroup = 9F15246726594C4D00A24567 /* Products */;
			projectDirPath = "";
			projectRoot = "";
			targets = (
				9F15246526594C4D00A24567 /* SmileChecker */,
				9F15247B26594C5000A24567 /* SmileCheckerTests */,
				9F15248626594C5000A24567 /* SmileCheckerUITests */,
			);
		};
/* End PBXProject section */

/* Begin PBXResourcesBuildPhase section */
		9F15246426594C4D00A24567 /* Resources */ = {
			isa = PBXResourcesBuildPhase;
			buildActionMask = 2147483647;
			files = (
				9F15247626594C5000A24567 /* LaunchScreen.storyboard in Resources */,
				9FC76A572670955000B0AF1A /* GoogleService-Info.plist in Resources */,
				9F15247326594C5000A24567 /* Assets.xcassets in Resources */,
				9F15247126594C4D00A24567 /* Main.storyboard in Resources */,
			);
			runOnlyForDeploymentPostprocessing = 0;
		};
		9F15247A26594C5000A24567 /* Resources */ = {
			isa = PBXResourcesBuildPhase;
			buildActionMask = 2147483647;
			files = (
			);
			runOnlyForDeploymentPostprocessing = 0;
		};
		9F15248526594C5000A24567 /* Resources */ = {
			isa = PBXResourcesBuildPhase;
			buildActionMask = 2147483647;
			files = (
			);
			runOnlyForDeploymentPostprocessing = 0;
		};
/* End PBXResourcesBuildPhase section */

/* Begin PBXShellScriptBuildPhase section */
		54728B83FAF419670064DD37 /* [CP] Check Pods Manifest.lock */ = {
			isa = PBXShellScriptBuildPhase;
			buildActionMask = 2147483647;
			files = (
			);
			inputFileListPaths = (
			);
			inputPaths = (
				"${PODS_PODFILE_DIR_PATH}/Podfile.lock",
				"${PODS_ROOT}/Manifest.lock",
			);
			name = "[CP] Check Pods Manifest.lock";
			outputFileListPaths = (
			);
			outputPaths = (
				"$(DERIVED_FILE_DIR)/Pods-SmileChecker-checkManifestLockResult.txt",
			);
			runOnlyForDeploymentPostprocessing = 0;
			shellPath = /bin/sh;
			shellScript = "diff \"${PODS_PODFILE_DIR_PATH}/Podfile.lock\" \"${PODS_ROOT}/Manifest.lock\" > /dev/null\nif [ $? != 0 ] ; then\n    # print error to STDERR\n    echo \"error: The sandbox is not in sync with the Podfile.lock. Run 'pod install' or update your CocoaPods installation.\" >&2\n    exit 1\nfi\n# This output is used by Xcode 'outputs' to avoid re-running this script phase.\necho \"SUCCESS\" > \"${SCRIPT_OUTPUT_FILE_0}\"\n";
			showEnvVarsInLog = 0;
		};
		8DF0AEF6E8468CBE71C019DD /* [CP] Check Pods Manifest.lock */ = {
			isa = PBXShellScriptBuildPhase;
			buildActionMask = 2147483647;
			files = (
			);
			inputFileListPaths = (
			);
			inputPaths = (
				"${PODS_PODFILE_DIR_PATH}/Podfile.lock",
				"${PODS_ROOT}/Manifest.lock",
			);
			name = "[CP] Check Pods Manifest.lock";
			outputFileListPaths = (
			);
			outputPaths = (
				"$(DERIVED_FILE_DIR)/Pods-SmileChecker-SmileCheckerUITests-checkManifestLockResult.txt",
			);
			runOnlyForDeploymentPostprocessing = 0;
			shellPath = /bin/sh;
			shellScript = "diff \"${PODS_PODFILE_DIR_PATH}/Podfile.lock\" \"${PODS_ROOT}/Manifest.lock\" > /dev/null\nif [ $? != 0 ] ; then\n    # print error to STDERR\n    echo \"error: The sandbox is not in sync with the Podfile.lock. Run 'pod install' or update your CocoaPods installation.\" >&2\n    exit 1\nfi\n# This output is used by Xcode 'outputs' to avoid re-running this script phase.\necho \"SUCCESS\" > \"${SCRIPT_OUTPUT_FILE_0}\"\n";
			showEnvVarsInLog = 0;
		};
		9C31CDFAD2CD60E4CE760A70 /* [CP] Embed Pods Frameworks */ = {
			isa = PBXShellScriptBuildPhase;
			buildActionMask = 2147483647;
			files = (
			);
			inputFileListPaths = (
				"${PODS_ROOT}/Target Support Files/Pods-SmileChecker/Pods-SmileChecker-frameworks-${CONFIGURATION}-input-files.xcfilelist",
			);
			name = "[CP] Embed Pods Frameworks";
			outputFileListPaths = (
				"${PODS_ROOT}/Target Support Files/Pods-SmileChecker/Pods-SmileChecker-frameworks-${CONFIGURATION}-output-files.xcfilelist",
			);
			runOnlyForDeploymentPostprocessing = 0;
			shellPath = /bin/sh;
			shellScript = "\"${PODS_ROOT}/Target Support Files/Pods-SmileChecker/Pods-SmileChecker-frameworks.sh\"\n";
			showEnvVarsInLog = 0;
		};
		9FB288A3DA54CD6BBD9C6BDB /* [CP] Copy Pods Resources */ = {
			isa = PBXShellScriptBuildPhase;
			buildActionMask = 2147483647;
			files = (
			);
			inputFileListPaths = (
				"${PODS_ROOT}/Target Support Files/Pods-SmileChecker/Pods-SmileChecker-resources-${CONFIGURATION}-input-files.xcfilelist",
			);
			name = "[CP] Copy Pods Resources";
			outputFileListPaths = (
				"${PODS_ROOT}/Target Support Files/Pods-SmileChecker/Pods-SmileChecker-resources-${CONFIGURATION}-output-files.xcfilelist",
			);
			runOnlyForDeploymentPostprocessing = 0;
			shellPath = /bin/sh;
			shellScript = "\"${PODS_ROOT}/Target Support Files/Pods-SmileChecker/Pods-SmileChecker-resources.sh\"\n";
			showEnvVarsInLog = 0;
		};
		B4B5D38597D8716056C00B04 /* [CP] Embed Pods Frameworks */ = {
			isa = PBXShellScriptBuildPhase;
			buildActionMask = 2147483647;
			files = (
			);
			inputFileListPaths = (
				"${PODS_ROOT}/Target Support Files/Pods-SmileChecker-SmileCheckerUITests/Pods-SmileChecker-SmileCheckerUITests-frameworks-${CONFIGURATION}-input-files.xcfilelist",
			);
			name = "[CP] Embed Pods Frameworks";
			outputFileListPaths = (
				"${PODS_ROOT}/Target Support Files/Pods-SmileChecker-SmileCheckerUITests/Pods-SmileChecker-SmileCheckerUITests-frameworks-${CONFIGURATION}-output-files.xcfilelist",
			);
			runOnlyForDeploymentPostprocessing = 0;
			shellPath = /bin/sh;
			shellScript = "\"${PODS_ROOT}/Target Support Files/Pods-SmileChecker-SmileCheckerUITests/Pods-SmileChecker-SmileCheckerUITests-frameworks.sh\"\n";
			showEnvVarsInLog = 0;
		};
		E17A2D2436A62F5DE388DA28 /* [CP] Check Pods Manifest.lock */ = {
			isa = PBXShellScriptBuildPhase;
			buildActionMask = 2147483647;
			files = (
			);
			inputFileListPaths = (
			);
			inputPaths = (
				"${PODS_PODFILE_DIR_PATH}/Podfile.lock",
				"${PODS_ROOT}/Manifest.lock",
			);
			name = "[CP] Check Pods Manifest.lock";
			outputFileListPaths = (
			);
			outputPaths = (
				"$(DERIVED_FILE_DIR)/Pods-SmileCheckerTests-checkManifestLockResult.txt",
			);
			runOnlyForDeploymentPostprocessing = 0;
			shellPath = /bin/sh;
			shellScript = "diff \"${PODS_PODFILE_DIR_PATH}/Podfile.lock\" \"${PODS_ROOT}/Manifest.lock\" > /dev/null\nif [ $? != 0 ] ; then\n    # print error to STDERR\n    echo \"error: The sandbox is not in sync with the Podfile.lock. Run 'pod install' or update your CocoaPods installation.\" >&2\n    exit 1\nfi\n# This output is used by Xcode 'outputs' to avoid re-running this script phase.\necho \"SUCCESS\" > \"${SCRIPT_OUTPUT_FILE_0}\"\n";
			showEnvVarsInLog = 0;
		};
		FCC51D99C4348E0BF472DD13 /* [CP] Copy Pods Resources */ = {
			isa = PBXShellScriptBuildPhase;
			buildActionMask = 2147483647;
			files = (
			);
			inputFileListPaths = (
				"${PODS_ROOT}/Target Support Files/Pods-SmileChecker-SmileCheckerUITests/Pods-SmileChecker-SmileCheckerUITests-resources-${CONFIGURATION}-input-files.xcfilelist",
			);
			name = "[CP] Copy Pods Resources";
			outputFileListPaths = (
				"${PODS_ROOT}/Target Support Files/Pods-SmileChecker-SmileCheckerUITests/Pods-SmileChecker-SmileCheckerUITests-resources-${CONFIGURATION}-output-files.xcfilelist",
			);
			runOnlyForDeploymentPostprocessing = 0;
			shellPath = /bin/sh;
			shellScript = "\"${PODS_ROOT}/Target Support Files/Pods-SmileChecker-SmileCheckerUITests/Pods-SmileChecker-SmileCheckerUITests-resources.sh\"\n";
			showEnvVarsInLog = 0;
		};
/* End PBXShellScriptBuildPhase section */

/* Begin PBXSourcesBuildPhase section */
		9F15246226594C4D00A24567 /* Sources */ = {
			isa = PBXSourcesBuildPhase;
			buildActionMask = 2147483647;
			files = (
				9F15246E26594C4D00A24567 /* ViewController.swift in Sources */,
				9FF8B37E265D559E00D8AF12 /* Data.swift in Sources */,
				9F1508D8265A46F2005D0AFB /* RegisterViewController.swift in Sources */,
				9F152159265EACEC009BC210 /* TopicTableViewCell.swift in Sources */,
				9F1508D6265A46D8005D0AFB /* CheckViewController.swift in Sources */,
				9F15246A26594C4D00A24567 /* AppDelegate.swift in Sources */,
				9F15246C26594C4D00A24567 /* SceneDelegate.swift in Sources */,
			);
			runOnlyForDeploymentPostprocessing = 0;
		};
		9F15247826594C5000A24567 /* Sources */ = {
			isa = PBXSourcesBuildPhase;
			buildActionMask = 2147483647;
			files = (
				9F15248126594C5000A24567 /* SmileCheckerTests.swift in Sources */,
			);
			runOnlyForDeploymentPostprocessing = 0;
		};
		9F15248326594C5000A24567 /* Sources */ = {
			isa = PBXSourcesBuildPhase;
			buildActionMask = 2147483647;
			files = (
				9F15248C26594C5000A24567 /* SmileCheckerUITests.swift in Sources */,
			);
			runOnlyForDeploymentPostprocessing = 0;
		};
/* End PBXSourcesBuildPhase section */

/* Begin PBXTargetDependency section */
		9F15247E26594C5000A24567 /* PBXTargetDependency */ = {
			isa = PBXTargetDependency;
			target = 9F15246526594C4D00A24567 /* SmileChecker */;
			targetProxy = 9F15247D26594C5000A24567 /* PBXContainerItemProxy */;
		};
		9F15248926594C5000A24567 /* PBXTargetDependency */ = {
			isa = PBXTargetDependency;
			target = 9F15246526594C4D00A24567 /* SmileChecker */;
			targetProxy = 9F15248826594C5000A24567 /* PBXContainerItemProxy */;
		};
/* End PBXTargetDependency section */

/* Begin PBXVariantGroup section */
		9F15246F26594C4D00A24567 /* Main.storyboard */ = {
			isa = PBXVariantGroup;
			children = (
				9F15247026594C4D00A24567 /* Base */,
			);
			name = Main.storyboard;
			sourceTree = "<group>";
		};
		9F15247426594C5000A24567 /* LaunchScreen.storyboard */ = {
			isa = PBXVariantGroup;
			children = (
				9F15247526594C5000A24567 /* Base */,
			);
			name = LaunchScreen.storyboard;
			sourceTree = "<group>";
		};
/* End PBXVariantGroup section */

/* Begin XCBuildConfiguration section */
		9F15248E26594C5000A24567 /* Debug */ = {
			isa = XCBuildConfiguration;
			buildSettings = {
				ALWAYS_SEARCH_USER_PATHS = NO;
				CLANG_ANALYZER_NONNULL = YES;
				CLANG_ANALYZER_NUMBER_OBJECT_CONVERSION = YES_AGGRESSIVE;
				CLANG_CXX_LANGUAGE_STANDARD = "gnu++14";
				CLANG_CXX_LIBRARY = "libc++";
				CLANG_ENABLE_MODULES = YES;
				CLANG_ENABLE_OBJC_ARC = YES;
				CLANG_ENABLE_OBJC_WEAK = YES;
				CLANG_WARN_BLOCK_CAPTURE_AUTORELEASING = YES;
				CLANG_WARN_BOOL_CONVERSION = YES;
				CLANG_WARN_COMMA = YES;
				CLANG_WARN_CONSTANT_CONVERSION = YES;
				CLANG_WARN_DEPRECATED_OBJC_IMPLEMENTATIONS = YES;
				CLANG_WARN_DIRECT_OBJC_ISA_USAGE = YES_ERROR;
				CLANG_WARN_DOCUMENTATION_COMMENTS = YES;
				CLANG_WARN_EMPTY_BODY = YES;
				CLANG_WARN_ENUM_CONVERSION = YES;
				CLANG_WARN_INFINITE_RECURSION = YES;
				CLANG_WARN_INT_CONVERSION = YES;
				CLANG_WARN_NON_LITERAL_NULL_CONVERSION = YES;
				CLANG_WARN_OBJC_IMPLICIT_RETAIN_SELF = YES;
				CLANG_WARN_OBJC_LITERAL_CONVERSION = YES;
				CLANG_WARN_OBJC_ROOT_CLASS = YES_ERROR;
				CLANG_WARN_QUOTED_INCLUDE_IN_FRAMEWORK_HEADER = YES;
				CLANG_WARN_RANGE_LOOP_ANALYSIS = YES;
				CLANG_WARN_STRICT_PROTOTYPES = YES;
				CLANG_WARN_SUSPICIOUS_MOVE = YES;
				CLANG_WARN_UNGUARDED_AVAILABILITY = YES_AGGRESSIVE;
				CLANG_WARN_UNREACHABLE_CODE = YES;
				CLANG_WARN__DUPLICATE_METHOD_MATCH = YES;
				COPY_PHASE_STRIP = NO;
				DEBUG_INFORMATION_FORMAT = dwarf;
				ENABLE_STRICT_OBJC_MSGSEND = YES;
				ENABLE_TESTABILITY = YES;
				GCC_C_LANGUAGE_STANDARD = gnu11;
				GCC_DYNAMIC_NO_PIC = NO;
				GCC_NO_COMMON_BLOCKS = YES;
				GCC_OPTIMIZATION_LEVEL = 0;
				GCC_PREPROCESSOR_DEFINITIONS = (
					"DEBUG=1",
					"$(inherited)",
				);
				GCC_WARN_64_TO_32_BIT_CONVERSION = YES;
				GCC_WARN_ABOUT_RETURN_TYPE = YES_ERROR;
				GCC_WARN_UNDECLARED_SELECTOR = YES;
				GCC_WARN_UNINITIALIZED_AUTOS = YES_AGGRESSIVE;
				GCC_WARN_UNUSED_FUNCTION = YES;
				GCC_WARN_UNUSED_VARIABLE = YES;
				IPHONEOS_DEPLOYMENT_TARGET = 14.5;
				MTL_ENABLE_DEBUG_INFO = INCLUDE_SOURCE;
				MTL_FAST_MATH = YES;
				ONLY_ACTIVE_ARCH = YES;
				SDKROOT = iphoneos;
				SWIFT_ACTIVE_COMPILATION_CONDITIONS = DEBUG;
				SWIFT_OPTIMIZATION_LEVEL = "-Onone";
			};
			name = Debug;
		};
		9F15248F26594C5000A24567 /* Release */ = {
			isa = XCBuildConfiguration;
			buildSettings = {
				ALWAYS_SEARCH_USER_PATHS = NO;
				CLANG_ANALYZER_NONNULL = YES;
				CLANG_ANALYZER_NUMBER_OBJECT_CONVERSION = YES_AGGRESSIVE;
				CLANG_CXX_LANGUAGE_STANDARD = "gnu++14";
				CLANG_CXX_LIBRARY = "libc++";
				CLANG_ENABLE_MODULES = YES;
				CLANG_ENABLE_OBJC_ARC = YES;
				CLANG_ENABLE_OBJC_WEAK = YES;
				CLANG_WARN_BLOCK_CAPTURE_AUTORELEASING = YES;
				CLANG_WARN_BOOL_CONVERSION = YES;
				CLANG_WARN_COMMA = YES;
				CLANG_WARN_CONSTANT_CONVERSION = YES;
				CLANG_WARN_DEPRECATED_OBJC_IMPLEMENTATIONS = YES;
				CLANG_WARN_DIRECT_OBJC_ISA_USAGE = YES_ERROR;
				CLANG_WARN_DOCUMENTATION_COMMENTS = YES;
				CLANG_WARN_EMPTY_BODY = YES;
				CLANG_WARN_ENUM_CONVERSION = YES;
				CLANG_WARN_INFINITE_RECURSION = YES;
				CLANG_WARN_INT_CONVERSION = YES;
				CLANG_WARN_NON_LITERAL_NULL_CONVERSION = YES;
				CLANG_WARN_OBJC_IMPLICIT_RETAIN_SELF = YES;
				CLANG_WARN_OBJC_LITERAL_CONVERSION = YES;
				CLANG_WARN_OBJC_ROOT_CLASS = YES_ERROR;
				CLANG_WARN_QUOTED_INCLUDE_IN_FRAMEWORK_HEADER = YES;
				CLANG_WARN_RANGE_LOOP_ANALYSIS = YES;
				CLANG_WARN_STRICT_PROTOTYPES = YES;
				CLANG_WARN_SUSPICIOUS_MOVE = YES;
				CLANG_WARN_UNGUARDED_AVAILABILITY = YES_AGGRESSIVE;
				CLANG_WARN_UNREACHABLE_CODE = YES;
				CLANG_WARN__DUPLICATE_METHOD_MATCH = YES;
				COPY_PHASE_STRIP = NO;
				DEBUG_INFORMATION_FORMAT = "dwarf-with-dsym";
				ENABLE_NS_ASSERTIONS = NO;
				ENABLE_STRICT_OBJC_MSGSEND = YES;
				GCC_C_LANGUAGE_STANDARD = gnu11;
				GCC_NO_COMMON_BLOCKS = YES;
				GCC_WARN_64_TO_32_BIT_CONVERSION = YES;
				GCC_WARN_ABOUT_RETURN_TYPE = YES_ERROR;
				GCC_WARN_UNDECLARED_SELECTOR = YES;
				GCC_WARN_UNINITIALIZED_AUTOS = YES_AGGRESSIVE;
				GCC_WARN_UNUSED_FUNCTION = YES;
				GCC_WARN_UNUSED_VARIABLE = YES;
				IPHONEOS_DEPLOYMENT_TARGET = 14.5;
				MTL_ENABLE_DEBUG_INFO = NO;
				MTL_FAST_MATH = YES;
				SDKROOT = iphoneos;
				SWIFT_COMPILATION_MODE = wholemodule;
				SWIFT_OPTIMIZATION_LEVEL = "-O";
				VALIDATE_PRODUCT = YES;
			};
			name = Release;
		};
		9F15249126594C5000A24567 /* Debug */ = {
			isa = XCBuildConfiguration;
			baseConfigurationReference = DE3BF60B1CB2636270718C1E /* Pods-SmileChecker.debug.xcconfig */;
			buildSettings = {
				ASSETCATALOG_COMPILER_APPICON_NAME = AppIcon;
				ASSETCATALOG_COMPILER_GLOBAL_ACCENT_COLOR_NAME = AccentColor;
				CODE_SIGN_IDENTITY = "Apple Development";
				CODE_SIGN_STYLE = Automatic;
				CURRENT_PROJECT_VERSION = 5;
				DEVELOPMENT_TEAM = NA63W49YD4;
				INFOPLIST_FILE = SmileChecker/Info.plist;
				IPHONEOS_DEPLOYMENT_TARGET = 13.0;
				LD_RUNPATH_SEARCH_PATHS = (
					"$(inherited)",
					"@executable_path/Frameworks",
				);
				PRODUCT_BUNDLE_IDENTIFIER = MyCompany.SmileChecker;
				PRODUCT_NAME = "$(TARGET_NAME)";
				PROVISIONING_PROFILE_SPECIFIER = "";
				SWIFT_VERSION = 5.0;
				TARGETED_DEVICE_FAMILY = "1,2";
			};
			name = Debug;
		};
		9F15249226594C5000A24567 /* Release */ = {
			isa = XCBuildConfiguration;
			baseConfigurationReference = 4F8B2E41FFF41437A9D340C6 /* Pods-SmileChecker.release.xcconfig */;
			buildSettings = {
				ASSETCATALOG_COMPILER_APPICON_NAME = AppIcon;
				ASSETCATALOG_COMPILER_GLOBAL_ACCENT_COLOR_NAME = AccentColor;
				CODE_SIGN_IDENTITY = "Apple Development";
				CODE_SIGN_STYLE = Automatic;
				CURRENT_PROJECT_VERSION = 5;
				DEVELOPMENT_TEAM = NA63W49YD4;
				INFOPLIST_FILE = SmileChecker/Info.plist;
				IPHONEOS_DEPLOYMENT_TARGET = 13.0;
				LD_RUNPATH_SEARCH_PATHS = (
					"$(inherited)",
					"@executable_path/Frameworks",
				);
				PRODUCT_BUNDLE_IDENTIFIER = MyCompany.SmileChecker;
				PRODUCT_NAME = "$(TARGET_NAME)";
				PROVISIONING_PROFILE_SPECIFIER = "";
				SWIFT_VERSION = 5.0;
				TARGETED_DEVICE_FAMILY = "1,2";
			};
			name = Release;
		};
		9F15249426594C5000A24567 /* Debug */ = {
			isa = XCBuildConfiguration;
			baseConfigurationReference = E0E53F8A4DACDE3573491FA9 /* Pods-SmileCheckerTests.debug.xcconfig */;
			buildSettings = {
				ALWAYS_EMBED_SWIFT_STANDARD_LIBRARIES = YES;
				BUNDLE_LOADER = "$(TEST_HOST)";
				CODE_SIGN_STYLE = Automatic;
				INFOPLIST_FILE = SmileCheckerTests/Info.plist;
				IPHONEOS_DEPLOYMENT_TARGET = 14.5;
				LD_RUNPATH_SEARCH_PATHS = (
					"$(inherited)",
					"@executable_path/Frameworks",
					"@loader_path/Frameworks",
				);
				PRODUCT_BUNDLE_IDENTIFIER = MyCompany.SmileCheckerTests;
				PRODUCT_NAME = "$(TARGET_NAME)";
				SWIFT_VERSION = 5.0;
				TARGETED_DEVICE_FAMILY = "1,2";
				TEST_HOST = "$(BUILT_PRODUCTS_DIR)/SmileChecker.app/SmileChecker";
			};
			name = Debug;
		};
		9F15249526594C5000A24567 /* Release */ = {
			isa = XCBuildConfiguration;
			baseConfigurationReference = D6B47F4B61EAF1B1A398F256 /* Pods-SmileCheckerTests.release.xcconfig */;
			buildSettings = {
				ALWAYS_EMBED_SWIFT_STANDARD_LIBRARIES = YES;
				BUNDLE_LOADER = "$(TEST_HOST)";
				CODE_SIGN_STYLE = Automatic;
				INFOPLIST_FILE = SmileCheckerTests/Info.plist;
				IPHONEOS_DEPLOYMENT_TARGET = 14.5;
				LD_RUNPATH_SEARCH_PATHS = (
					"$(inherited)",
					"@executable_path/Frameworks",
					"@loader_path/Frameworks",
				);
				PRODUCT_BUNDLE_IDENTIFIER = MyCompany.SmileCheckerTests;
				PRODUCT_NAME = "$(TARGET_NAME)";
				SWIFT_VERSION = 5.0;
				TARGETED_DEVICE_FAMILY = "1,2";
				TEST_HOST = "$(BUILT_PRODUCTS_DIR)/SmileChecker.app/SmileChecker";
			};
			name = Release;
		};
		9F15249726594C5000A24567 /* Debug */ = {
			isa = XCBuildConfiguration;
			baseConfigurationReference = CDE76B568CBCC17962E4C758 /* Pods-SmileChecker-SmileCheckerUITests.debug.xcconfig */;
			buildSettings = {
				ALWAYS_EMBED_SWIFT_STANDARD_LIBRARIES = YES;
				CODE_SIGN_STYLE = Automatic;
				INFOPLIST_FILE = SmileCheckerUITests/Info.plist;
				LD_RUNPATH_SEARCH_PATHS = (
					"$(inherited)",
					"@executable_path/Frameworks",
					"@loader_path/Frameworks",
				);
				PRODUCT_BUNDLE_IDENTIFIER = MyCompany.SmileCheckerUITests;
				PRODUCT_NAME = "$(TARGET_NAME)";
				SWIFT_VERSION = 5.0;
				TARGETED_DEVICE_FAMILY = "1,2";
				TEST_TARGET_NAME = SmileChecker;
			};
			name = Debug;
		};
		9F15249826594C5000A24567 /* Release */ = {
			isa = XCBuildConfiguration;
			baseConfigurationReference = E406DFEF87660575DDD09BEA /* Pods-SmileChecker-SmileCheckerUITests.release.xcconfig */;
			buildSettings = {
				ALWAYS_EMBED_SWIFT_STANDARD_LIBRARIES = YES;
				CODE_SIGN_STYLE = Automatic;
				INFOPLIST_FILE = SmileCheckerUITests/Info.plist;
				LD_RUNPATH_SEARCH_PATHS = (
					"$(inherited)",
					"@executable_path/Frameworks",
					"@loader_path/Frameworks",
				);
				PRODUCT_BUNDLE_IDENTIFIER = MyCompany.SmileCheckerUITests;
				PRODUCT_NAME = "$(TARGET_NAME)";
				SWIFT_VERSION = 5.0;
				TARGETED_DEVICE_FAMILY = "1,2";
				TEST_TARGET_NAME = SmileChecker;
			};
			name = Release;
		};
/* End XCBuildConfiguration section */

/* Begin XCConfigurationList section */
		9F15246126594C4D00A24567 /* Build configuration list for PBXProject "SmileChecker" */ = {
			isa = XCConfigurationList;
			buildConfigurations = (
				9F15248E26594C5000A24567 /* Debug */,
				9F15248F26594C5000A24567 /* Release */,
			);
			defaultConfigurationIsVisible = 0;
			defaultConfigurationName = Release;
		};
		9F15249026594C5000A24567 /* Build configuration list for PBXNativeTarget "SmileChecker" */ = {
			isa = XCConfigurationList;
			buildConfigurations = (
				9F15249126594C5000A24567 /* Debug */,
				9F15249226594C5000A24567 /* Release */,
			);
			defaultConfigurationIsVisible = 0;
			defaultConfigurationName = Release;
		};
		9F15249326594C5000A24567 /* Build configuration list for PBXNativeTarget "SmileCheckerTests" */ = {
			isa = XCConfigurationList;
			buildConfigurations = (
				9F15249426594C5000A24567 /* Debug */,
				9F15249526594C5000A24567 /* Release */,
			);
			defaultConfigurationIsVisible = 0;
			defaultConfigurationName = Release;
		};
		9F15249626594C5000A24567 /* Build configuration list for PBXNativeTarget "SmileCheckerUITests" */ = {
			isa = XCConfigurationList;
			buildConfigurations = (
				9F15249726594C5000A24567 /* Debug */,
				9F15249826594C5000A24567 /* Release */,
			);
			defaultConfigurationIsVisible = 0;
			defaultConfigurationName = Release;
		};
/* End XCConfigurationList section */

/* Begin XCRemoteSwiftPackageReference section */
		9F065793266CB3880071CA1F /* XCRemoteSwiftPackageReference "aws-sdk-ios-spm" */ = {
			isa = XCRemoteSwiftPackageReference;
			repositoryURL = "https://github.com/aws-amplify/aws-sdk-ios-spm.git";
			requirement = {
				kind = upToNextMajorVersion;
				minimumVersion = 2.24.2;
			};
		};
		9FF8B37C265D551A00D8AF12 /* XCRemoteSwiftPackageReference "realm-cocoa" */ = {
			isa = XCRemoteSwiftPackageReference;
			repositoryURL = "https://github.com/realm/realm-cocoa";
			requirement = {
				kind = upToNextMajorVersion;
				minimumVersion = 10.7.6;
			};
		};
/* End XCRemoteSwiftPackageReference section */

/* Begin XCSwiftPackageProductDependency section */
		9F152154265EAA15009BC210 /* Realm */ = {
			isa = XCSwiftPackageProductDependency;
			package = 9FF8B37C265D551A00D8AF12 /* XCRemoteSwiftPackageReference "realm-cocoa" */;
			productName = Realm;
		};
		9F152156265EAA19009BC210 /* RealmSwift */ = {
			isa = XCSwiftPackageProductDependency;
			package = 9FF8B37C265D551A00D8AF12 /* XCRemoteSwiftPackageReference "realm-cocoa" */;
			productName = RealmSwift;
		};
/* End XCSwiftPackageProductDependency section */
	};
	rootObject = 9F15245E26594C4D00A24567 /* Project object */;
}
